# This file is automatically @generated by Cargo.
# It is not intended for manual editing.
[[package]]
name = "speed_feed"
version = "0.1.0"
dependencies = [
 "speed_feed_analyzer_ookla 0.1.0",
]

[[package]]
name = "speed_feed_analyzer"
version = "0.1.0"

[[package]]
name = "speed_feed_analyzer_ookla"
version = "0.1.0"
dependencies = [
 "speed_feed_analyzer 0.1.0",
]

